{
  "name": "appystack-upgrade",
  "version": "0.4.2",
  "lockfileVersion": 3,
  "requires": true,
  "packages": {
    "": {
      "name": "appystack-upgrade",
      "version": "0.4.2",
      "license": "MIT",
      "dependencies": {
        "create-appystack": "^0.4.0"
      },
      "bin": {
        "appystack-upgrade": "bin/index.js"
      },
      "engines": {
        "node": ">=18"
      }
    },
    "node_modules/@clack/core": {
      "version": "1.1.0",
      "resolved": "https://registry.npmjs.org/@clack/core/-/core-1.1.0.tgz",
      "integrity": "sha512-SVcm4Dqm2ukn64/8Gub2wnlA5nS2iWJyCkdNHcvNHPIeBTGojpdJ+9cZKwLfmqy7irD4N5qLteSilJlE0WLAtA==",
      "license": "MIT",
      "dependencies": {
        "sisteransi": "^1.0.5"
      }
    },
    "node_modules/@clack/prompts": {
      "version": "1.1.0",
      "resolved": "https://registry.npmjs.org/@clack/prompts/-/prompts-1.1.0.tgz",
      "integrity": "sha512-pkqbPGtohJAvm4Dphs2M8xE29ggupihHdy1x84HNojZuMtFsHiUlRvqD24tM2+XmI+61LlfNceM3Wr7U5QES5g==",
      "license": "MIT",
      "dependencies": {
        "@clack/core": "1.1.0",
        "sisteransi": "^1.0.5"
      }
    },
    "node_modules/create-appystack": {
      "version": "0.4.1",
      "resolved": "https://registry.npmjs.org/create-appystack/-/create-appystack-0.4.1.tgz",
      "integrity": "sha512-CV4r/aAeSmvIsz3d5rLLRA5qSKI095mKiMTBsoI3XMpez2rMPWjdcOn3br6O6hVId1fjgsF43lbHuLWCeEURUQ==",
      "license": "MIT",
      "dependencies": {
        "@clack/prompts": "^1.0.1"
      },
      "bin": {
        "appystack-upgrade": "bin/upgrade.js",
        "create-appystack": "bin/index.js"
      },
      "engines": {
        "node": ">=18"
      }
    },
    "node_modules/sisteransi": {
      "version": "1.0.5",
      "resolved": "https://registry.npmjs.org/sisteransi/-/sisteransi-1.0.5.tgz",
      "integrity": "sha512-bLGGlR1QxBcynn2d5YmDX4MGjlZvy2MRBDRNHLJ8VI6l6+9FUiyTFNJ0IveOSP0bcXgVDPRcfGqA0pjaqUpfVg==",
      "license": "MIT"
    }
  }
}
